
Microsoft Visual Studio Solution File, Format Version 12.00
# Visual Studio 2013
VisualStudioVersion = 12.0.31101.0
MinimumVisualStudioVersion = 10.0.40219.1
Project("{2150E333-8FDC-42A3-9474-1A3956D46DE8}") = "WindowsApp1", "WindowsApp1", "{29C87F51-2D20-4C63-9CCC-1E7D0D0C09EE}"
EndProject
Project("{D954291E-2A0B-460D-934E-DC6B0785DB48}") = "WindowsApp1.Shared", "WindowsApp1\WindowsApp1.Shared\WindowsApp1.Shared.shproj", "{7B5F5FD4-9A82-46F7-8834-B89ACB89D4C6}"
EndProject
Project("{FAE04EC0-301F-11D3-BF4B-00C04F79EFBC}") = "WindowsApp1.Windows", "WindowsApp1\WindowsApp1.Windows\WindowsApp1.Windows.csproj", "{632B20A7-CC10-4D6A-81F2-6C05A0A79FC3}"
EndProject
Project("{FAE04EC0-301F-11D3-BF4B-00C04F79EFBC}") = "WindowsApp1.WindowsPhone", "WindowsApp1\WindowsApp1.WindowsPhone\WindowsApp1.WindowsPhone.csproj", "{B490805B-1721-491B-9AD3-6AF46F373C9C}"
EndProject
Global
	GlobalSection(SharedMSBuildProjectFiles) = preSolution
		WindowsApp1\WindowsApp1.Shared\WindowsApp1.Shared.projitems*{632b20a7-cc10-4d6a-81f2-6c05a0a79fc3}*SharedItemsImports = 4
		WindowsApp1\WindowsApp1.Shared\WindowsApp1.Shared.projitems*{b490805b-1721-491b-9ad3-6af46f373c9c}*SharedItemsImports = 4
		WindowsApp1\WindowsApp1.Shared\WindowsApp1.Shared.projitems*{7b5f5fd4-9a82-46f7-8834-b89acb89d4c6}*SharedItemsImports = 13
	EndGlobalSection
	GlobalSection(SolutionConfigurationPlatforms) = preSolution
		Debug|Any CPU = Debug|Any CPU
		Debug|ARM = Debug|ARM
		Debug|x64 = Debug|x64
		Debug|x86 = Debug|x86
		Release|Any CPU = Release|Any CPU
		Release|ARM = Release|ARM
		Release|x64 = Release|x64
		Release|x86 = Release|x86
	EndGlobalSection
	GlobalSection(ProjectConfigurationPlatforms) = postSolution
		{632B20A7-CC10-4D6A-81F2-6C05A0A79FC3}.Debug|Any CPU.ActiveCfg = Debug|Any CPU
		{632B20A7-CC10-4D6A-81F2-6C05A0A79FC3}.Debug|Any CPU.Build.0 = Debug|Any CPU
		{632B20A7-CC10-4D6A-81F2-6C05A0A79FC3}.Debug|Any CPU.Deploy.0 = Debug|Any CPU
		{632B20A7-CC10-4D6A-81F2-6C05A0A79FC3}.Debug|ARM.ActiveCfg = Debug|ARM
		{632B20A7-CC10-4D6A-81F2-6C05A0A79FC3}.Debug|ARM.Build.0 = Debug|ARM
		{632B20A7-CC10-4D6A-81F2-6C05A0A79FC3}.Debug|ARM.Deploy.0 = Debug|ARM
		{632B20A7-CC10-4D6A-81F2-6C05A0A79FC3}.Debug|x64.ActiveCfg = Debug|x64
		{632B20A7-CC10-4D6A-81F2-6C05A0A79FC3}.Debug|x64.Build.0 = Debug|x64
		{632B20A7-CC10-4D6A-81F2-6C05A0A79FC3}.Debug|x64.Deploy.0 = Debug|x64
		{632B20A7-CC10-4D6A-81F2-6C05A0A79FC3}.Debug|x86.ActiveCfg = Debug|x86
		{632B20A7-CC10-4D6A-81F2-6C05A0A79FC3}.Debug|x86.Build.0 = Debug|x86
		{632B20A7-CC10-4D6A-81F2-6C05A0A79FC3}.Debug|x86.Deploy.0 = Debug|x86
		{632B20A7-CC10-4D6A-81F2-6C05A0A79FC3}.Release|Any CPU.ActiveCfg = Release|Any CPU
		{632B20A7-CC10-4D6A-81F2-6C05A0A79FC3}.Release|Any CPU.Build.0 = Release|Any CPU
		{632B20A7-CC10-4D6A-81F2-6C05A0A79FC3}.Release|Any CPU.Deploy.0 = Release|Any CPU
		{632B20A7-CC10-4D6A-81F2-6C05A0A79FC3}.Release|ARM.ActiveCfg = Release|ARM
		{632B20A7-CC10-4D6A-81F2-6C05A0A79FC3}.Release|ARM.Build.0 = Release|ARM
		{632B20A7-CC10-4D6A-81F2-6C05A0A79FC3}.Release|ARM.Deploy.0 = Release|ARM
		{632B20A7-CC10-4D6A-81F2-6C05A0A79FC3}.Release|x64.ActiveCfg = Release|x64
		{632B20A7-CC10-4D6A-81F2-6C05A0A79FC3}.Release|x64.Build.0 = Release|x64
		{632B20A7-CC10-4D6A-81F2-6C05A0A79FC3}.Release|x64.Deploy.0 = Release|x64
		{632B20A7-CC10-4D6A-81F2-6C05A0A79FC3}.Release|x86.ActiveCfg = Release|x86
		{632B20A7-CC10-4D6A-81F2-6C05A0A79FC3}.Release|x86.Build.0 = Release|x86
		{632B20A7-CC10-4D6A-81F2-6C05A0A79FC3}.Release|x86.Deploy.0 = Release|x86
		{B490805B-1721-491B-9AD3-6AF46F373C9C}.Debug|Any CPU.ActiveCfg = Debug|Any CPU
		{B490805B-1721-491B-9AD3-6AF46F373C9C}.Debug|Any CPU.Build.0 = Debug|Any CPU
		{B490805B-1721-491B-9AD3-6AF46F373C9C}.Debug|Any CPU.Deploy.0 = Debug|Any CPU
		{B490805B-1721-491B-9AD3-6AF46F373C9C}.Debug|ARM.ActiveCfg = Debug|ARM
		{B490805B-1721-491B-9AD3-6AF46F373C9C}.Debug|ARM.Build.0 = Debug|ARM
		{B490805B-1721-491B-9AD3-6AF46F373C9C}.Debug|ARM.Deploy.0 = Debug|ARM
		{B490805B-1721-491B-9AD3-6AF46F373C9C}.Debug|x64.ActiveCfg = Debug|Any CPU
		{B490805B-1721-491B-9AD3-6AF46F373C9C}.Debug|x86.ActiveCfg = Debug|x86
		{B490805B-1721-491B-9AD3-6AF46F373C9C}.Debug|x86.Build.0 = Debug|x86
		{B490805B-1721-491B-9AD3-6AF46F373C9C}.Debug|x86.Deploy.0 = Debug|x86
		{B490805B-1721-491B-9AD3-6AF46F373C9C}.Release|Any CPU.ActiveCfg = Release|Any CPU
		{B490805B-1721-491B-9AD3-6AF46F373C9C}.Release|Any CPU.Build.0 = Release|Any CPU
		{B490805B-1721-491B-9AD3-6AF46F373C9C}.Release|Any CPU.Deploy.0 = Release|Any CPU
		{B490805B-1721-491B-9AD3-6AF46F373C9C}.Release|ARM.ActiveCfg = Release|ARM
		{B490805B-1721-491B-9AD3-6AF46F373C9C}.Release|ARM.Build.0 = Release|ARM
		{B490805B-1721-491B-9AD3-6AF46F373C9C}.Release|ARM.Deploy.0 = Release|ARM
		{B490805B-1721-491B-9AD3-6AF46F373C9C}.Release|x64.ActiveCfg = Release|Any CPU
		{B490805B-1721-491B-9AD3-6AF46F373C9C}.Release|x86.ActiveCfg = Release|x86
		{B490805B-1721-491B-9AD3-6AF46F373C9C}.Release|x86.Build.0 = Release|x86
		{B490805B-1721-491B-9AD3-6AF46F373C9C}.Release|x86.Deploy.0 = Release|x86
	EndGlobalSection
	GlobalSection(SolutionProperties) = preSolution
		HideSolutionNode = FALSE
	EndGlobalSection
	GlobalSection(NestedProjects) = preSolution
		{7B5F5FD4-9A82-46F7-8834-B89ACB89D4C6} = {29C87F51-2D20-4C63-9CCC-1E7D0D0C09EE}
		{632B20A7-CC10-4D6A-81F2-6C05A0A79FC3} = {29C87F51-2D20-4C63-9CCC-1E7D0D0C09EE}
		{B490805B-1721-491B-9AD3-6AF46F373C9C} = {29C87F51-2D20-4C63-9CCC-1E7D0D0C09EE}
	EndGlobalSection
EndGlobal
